
Microsoft Visual Studio Solution File, Format Version 12.00
# Visual Studio Version 16
VisualStudioVersion = 16.0.30002.166
MinimumVisualStudioVersion = 10.0.40219.1
Project("{9A19103F-16F7-4668-BE54-9A1E7A4F7556}") = "rect-asp-hr", "rect-asp-hr.csproj", "{C87BA39A-DD01-4B16-949B-D308DFFFE461}"
EndProject
Global
	GlobalSection(SolutionConfigurationPlatforms) = preSolution
		Debug|Any CPU = Debug|Any CPU
		Release|Any CPU = Release|Any CPU
	EndGlobalSection
	GlobalSection(ProjectConfigurationPlatforms) = postSolution
		{C87BA39A-DD01-4B16-949B-D308DFFFE461}.Debug|Any CPU.ActiveCfg = Debug|Any CPU
		{C87BA39A-DD01-4B16-949B-D308DFFFE461}.Debug|Any CPU.Build.0 = Debug|Any CPU
		{C87BA39A-DD01-4B16-949B-D308DFFFE461}.Release|Any CPU.ActiveCfg = Release|Any CPU
		{C87BA39A-DD01-4B16-949B-D308DFFFE461}.Release|Any CPU.Build.0 = Release|Any CPU
	EndGlobalSection
	GlobalSection(SolutionProperties) = preSolution
		HideSolutionNode = FALSE
	EndGlobalSection
	GlobalSection(ExtensibilityGlobals) = postSolution
		SolutionGuid = {86E323A2-7568-4FBF-AC87-BA3387D75EFB}
	EndGlobalSection
EndGlobal
